
Microsoft Visual Studio Solution File, Format Version 11.00
# Visual Studio 2010
Project("{FAE04EC0-301F-11D3-BF4B-00C04F79EFBC}") = "Svelto.ECS", "Svelto.ECS.csproj", "{f40643ac-ce3b-d1f5-9ab2-c3e0dc9aca71}"
EndProject
Project("{FAE04EC0-301F-11D3-BF4B-00C04F79EFBC}") = "Svelto.Common", "Svelto.Common.csproj", "{3818ce60-5d18-ff4f-b8f8-a68aae9bf6c8}"
EndProject
Project("{FAE04EC0-301F-11D3-BF4B-00C04F79EFBC}") = "IL2CPP", "IL2CPP.csproj", "{4fc2238b-8803-1c18-58b9-2c4c22507fbd}"
EndProject
Project("{FAE04EC0-301F-11D3-BF4B-00C04F79EFBC}") = "Svelto.Pool.Debugger", "Svelto.Pool.Debugger.csproj", "{60cdba6b-ac9c-5f7b-38aa-03edb8e640d8}"
EndProject
Global
	GlobalSection(SolutionConfigurationPlatforms) = preSolution
		Debug|Any CPU = Debug|Any CPU
	EndGlobalSection
	GlobalSection(ProjectConfigurationPlatforms) = postSolution
		{f40643ac-ce3b-d1f5-9ab2-c3e0dc9aca71}.Debug|Any CPU.ActiveCfg = Debug|Any CPU
		{f40643ac-ce3b-d1f5-9ab2-c3e0dc9aca71}.Debug|Any CPU.Build.0 = Debug|Any CPU
		{3818ce60-5d18-ff4f-b8f8-a68aae9bf6c8}.Debug|Any CPU.ActiveCfg = Debug|Any CPU
		{3818ce60-5d18-ff4f-b8f8-a68aae9bf6c8}.Debug|Any CPU.Build.0 = Debug|Any CPU
		{4fc2238b-8803-1c18-58b9-2c4c22507fbd}.Debug|Any CPU.ActiveCfg = Debug|Any CPU
		{4fc2238b-8803-1c18-58b9-2c4c22507fbd}.Debug|Any CPU.Build.0 = Debug|Any CPU
		{60cdba6b-ac9c-5f7b-38aa-03edb8e640d8}.Debug|Any CPU.ActiveCfg = Debug|Any CPU
		{60cdba6b-ac9c-5f7b-38aa-03edb8e640d8}.Debug|Any CPU.Build.0 = Debug|Any CPU
	EndGlobalSection
	GlobalSection(SolutionProperties) = preSolution
		HideSolutionNode = FALSE
	EndGlobalSection
EndGlobal
