
Microsoft Visual Studio Solution File, Format Version 11.00
# Visual Studio 2010
Project("{FAE04EC0-301F-11D3-BF4B-00C04F79EFBC}") = "Svelto.ECS", "Svelto.ECS.csproj", "{c5848da5-0cd5-7050-3784-6b1de7b46fdb}"
EndProject
Project("{FAE04EC0-301F-11D3-BF4B-00C04F79EFBC}") = "Svelto.Common", "Svelto.Common.csproj", "{f06de4f7-8be6-012b-0094-3dea01aca531}"
EndProject
Project("{FAE04EC0-301F-11D3-BF4B-00C04F79EFBC}") = "IL2CPP", "IL2CPP.csproj", "{373b5ea9-54c0-a712-dbc9-4248fba25823}"
EndProject
Project("{FAE04EC0-301F-11D3-BF4B-00C04F79EFBC}") = "Svelto.Pool.Debugger", "Svelto.Pool.Debugger.csproj", "{9af0fe40-9ef7-b23b-c496-3b61b7b2b137}"
EndProject
Global
	GlobalSection(SolutionConfigurationPlatforms) = preSolution
		Debug|Any CPU = Debug|Any CPU
	EndGlobalSection
	GlobalSection(ProjectConfigurationPlatforms) = postSolution
		{c5848da5-0cd5-7050-3784-6b1de7b46fdb}.Debug|Any CPU.ActiveCfg = Debug|Any CPU
		{c5848da5-0cd5-7050-3784-6b1de7b46fdb}.Debug|Any CPU.Build.0 = Debug|Any CPU
		{f06de4f7-8be6-012b-0094-3dea01aca531}.Debug|Any CPU.ActiveCfg = Debug|Any CPU
		{f06de4f7-8be6-012b-0094-3dea01aca531}.Debug|Any CPU.Build.0 = Debug|Any CPU
		{373b5ea9-54c0-a712-dbc9-4248fba25823}.Debug|Any CPU.ActiveCfg = Debug|Any CPU
		{373b5ea9-54c0-a712-dbc9-4248fba25823}.Debug|Any CPU.Build.0 = Debug|Any CPU
		{9af0fe40-9ef7-b23b-c496-3b61b7b2b137}.Debug|Any CPU.ActiveCfg = Debug|Any CPU
		{9af0fe40-9ef7-b23b-c496-3b61b7b2b137}.Debug|Any CPU.Build.0 = Debug|Any CPU
	EndGlobalSection
	GlobalSection(SolutionProperties) = preSolution
		HideSolutionNode = FALSE
	EndGlobalSection
EndGlobal
